
Microsoft Visual Studio Solution File, Format Version 12.00
# Visual Studio Version 17
VisualStudioVersion = 17.13.35931.197
MinimumVisualStudioVersion = 10.0.40219.1
Project("{FAE04EC0-301F-11D3-BF4B-00C04F79EFBC}") = "Blazor", "Blazor\Blazor.csproj", "{E042886D-2102-4111-B4E4-40B6C1D9B11D}"
EndProject
Project("{FAE04EC0-301F-11D3-BF4B-00C04F79EFBC}") = "Converter", "Converter\Converter.csproj", "{511A775B-AD6A-497D-A929-2221FD2D95FF}"
EndProject
Project("{2150E333-8FDC-42A3-9474-1A3956D46DE8}") = "Solution Items", "Solution Items", "{8EC462FD-D22E-90A8-E5CE-7E832BA40C5D}"
	ProjectSection(SolutionItems) = preProject
		..\ReadMe.txt = ..\ReadMe.txt
	EndProjectSection
EndProject
Project("{FAE04EC0-301F-11D3-BF4B-00C04F79EFBC}") = "TODOlist", "TODOlist\TODOlist.csproj", "{95704B3E-CAA9-41B7-856B-A2D72A0E57D0}"
EndProject
Global
	GlobalSection(SolutionConfigurationPlatforms) = preSolution
		Debug|Any CPU = Debug|Any CPU
		Release|Any CPU = Release|Any CPU
	EndGlobalSection
	GlobalSection(ProjectConfigurationPlatforms) = postSolution
		{E042886D-2102-4111-B4E4-40B6C1D9B11D}.Debug|Any CPU.ActiveCfg = Debug|Any CPU
		{E042886D-2102-4111-B4E4-40B6C1D9B11D}.Debug|Any CPU.Build.0 = Debug|Any CPU
		{E042886D-2102-4111-B4E4-40B6C1D9B11D}.Release|Any CPU.ActiveCfg = Release|Any CPU
		{E042886D-2102-4111-B4E4-40B6C1D9B11D}.Release|Any CPU.Build.0 = Release|Any CPU
		{511A775B-AD6A-497D-A929-2221FD2D95FF}.Debug|Any CPU.ActiveCfg = Debug|Any CPU
		{511A775B-AD6A-497D-A929-2221FD2D95FF}.Debug|Any CPU.Build.0 = Debug|Any CPU
		{511A775B-AD6A-497D-A929-2221FD2D95FF}.Release|Any CPU.ActiveCfg = Release|Any CPU
		{511A775B-AD6A-497D-A929-2221FD2D95FF}.Release|Any CPU.Build.0 = Release|Any CPU
		{95704B3E-CAA9-41B7-856B-A2D72A0E57D0}.Debug|Any CPU.ActiveCfg = Debug|Any CPU
		{95704B3E-CAA9-41B7-856B-A2D72A0E57D0}.Debug|Any CPU.Build.0 = Debug|Any CPU
		{95704B3E-CAA9-41B7-856B-A2D72A0E57D0}.Release|Any CPU.ActiveCfg = Release|Any CPU
		{95704B3E-CAA9-41B7-856B-A2D72A0E57D0}.Release|Any CPU.Build.0 = Release|Any CPU
	EndGlobalSection
	GlobalSection(SolutionProperties) = preSolution
		HideSolutionNode = FALSE
	EndGlobalSection
	GlobalSection(ExtensibilityGlobals) = postSolution
		SolutionGuid = {4C65DBF1-22B8-4AC5-844A-5F46B5998BF4}
	EndGlobalSection
EndGlobal
